
Microsoft Visual Studio Solution File, Format Version 12.00
# Visual Studio Version 17
VisualStudioVersion = 17.11.35303.130
MinimumVisualStudioVersion = 10.0.40219.1
Project("{FAE04EC0-301F-11D3-BF4B-00C04F79EFBC}") = "BT_2_10_2024", "BT_2_10_2024\BT_2_10_2024.csproj", "{BA9FFB8B-9243-4F9C-89BA-ABD2DB1EF121}"
EndProject
Global
	GlobalSection(SolutionConfigurationPlatforms) = preSolution
		Debug|Any CPU = Debug|Any CPU
		Release|Any CPU = Release|Any CPU
	EndGlobalSection
	GlobalSection(ProjectConfigurationPlatforms) = postSolution
		{BA9FFB8B-9243-4F9C-89BA-ABD2DB1EF121}.Debug|Any CPU.ActiveCfg = Debug|Any CPU
		{BA9FFB8B-9243-4F9C-89BA-ABD2DB1EF121}.Debug|Any CPU.Build.0 = Debug|Any CPU
		{BA9FFB8B-9243-4F9C-89BA-ABD2DB1EF121}.Release|Any CPU.ActiveCfg = Release|Any CPU
		{BA9FFB8B-9243-4F9C-89BA-ABD2DB1EF121}.Release|Any CPU.Build.0 = Release|Any CPU
	EndGlobalSection
	GlobalSection(SolutionProperties) = preSolution
		HideSolutionNode = FALSE
	EndGlobalSection
	GlobalSection(ExtensibilityGlobals) = postSolution
		SolutionGuid = {7D4CA9A5-8EC1-41C0-9A8A-1913D41F9A6D}
	EndGlobalSection
EndGlobal
