
Microsoft Visual Studio Solution File, Format Version 12.00
# Visual Studio Version 17
VisualStudioVersion = 17.11.35327.3
MinimumVisualStudioVersion = 10.0.40219.1
Project("{FAE04EC0-301F-11D3-BF4B-00C04F79EFBC}") = "BT_23_10_2024", "BT_23_10_2024\BT_23_10_2024.csproj", "{442AC064-AF09-47EB-9839-555D32924335}"
EndProject
Global
	GlobalSection(SolutionConfigurationPlatforms) = preSolution
		Debug|Any CPU = Debug|Any CPU
		Release|Any CPU = Release|Any CPU
	EndGlobalSection
	GlobalSection(ProjectConfigurationPlatforms) = postSolution
		{442AC064-AF09-47EB-9839-555D32924335}.Debug|Any CPU.ActiveCfg = Debug|Any CPU
		{442AC064-AF09-47EB-9839-555D32924335}.Debug|Any CPU.Build.0 = Debug|Any CPU
		{442AC064-AF09-47EB-9839-555D32924335}.Release|Any CPU.ActiveCfg = Release|Any CPU
		{442AC064-AF09-47EB-9839-555D32924335}.Release|Any CPU.Build.0 = Release|Any CPU
	EndGlobalSection
	GlobalSection(SolutionProperties) = preSolution
		HideSolutionNode = FALSE
	EndGlobalSection
	GlobalSection(ExtensibilityGlobals) = postSolution
		SolutionGuid = {FB441CF8-8FF2-491D-A8E7-D64678832F1E}
	EndGlobalSection
EndGlobal
