
Microsoft Visual Studio Solution File, Format Version 12.00
# Visual Studio Version 17
VisualStudioVersion = 17.11.35208.52
MinimumVisualStudioVersion = 10.0.40219.1
Project("{FAE04EC0-301F-11D3-BF4B-00C04F79EFBC}") = "TongMangNguyen", "TongMangNguyen\TongMangNguyen.csproj", "{335214DC-FA63-4343-9A45-8A3276FBDF05}"
EndProject
Global
	GlobalSection(SolutionConfigurationPlatforms) = preSolution
		Debug|Any CPU = Debug|Any CPU
		Release|Any CPU = Release|Any CPU
	EndGlobalSection
	GlobalSection(ProjectConfigurationPlatforms) = postSolution
		{335214DC-FA63-4343-9A45-8A3276FBDF05}.Debug|Any CPU.ActiveCfg = Debug|Any CPU
		{335214DC-FA63-4343-9A45-8A3276FBDF05}.Debug|Any CPU.Build.0 = Debug|Any CPU
		{335214DC-FA63-4343-9A45-8A3276FBDF05}.Release|Any CPU.ActiveCfg = Release|Any CPU
		{335214DC-FA63-4343-9A45-8A3276FBDF05}.Release|Any CPU.Build.0 = Release|Any CPU
	EndGlobalSection
	GlobalSection(SolutionProperties) = preSolution
		HideSolutionNode = FALSE
	EndGlobalSection
	GlobalSection(ExtensibilityGlobals) = postSolution
		SolutionGuid = {B9861D2A-595F-4E9D-B0DA-78C7FE9F85EB}
	EndGlobalSection
EndGlobal
