
Microsoft Visual Studio Solution File, Format Version 12.00
# Visual Studio Version 17
VisualStudioVersion = 17.11.35303.130
MinimumVisualStudioVersion = 10.0.40219.1
Project("{FAE04EC0-301F-11D3-BF4B-00C04F79EFBC}") = "TH_28_09_2024", "TH_28_09_2024\TH_28_09_2024.csproj", "{C26CF290-945E-4D53-AEA3-B1F4D247265B}"
EndProject
Global
	GlobalSection(SolutionConfigurationPlatforms) = preSolution
		Debug|Any CPU = Debug|Any CPU
		Release|Any CPU = Release|Any CPU
	EndGlobalSection
	GlobalSection(ProjectConfigurationPlatforms) = postSolution
		{C26CF290-945E-4D53-AEA3-B1F4D247265B}.Debug|Any CPU.ActiveCfg = Debug|Any CPU
		{C26CF290-945E-4D53-AEA3-B1F4D247265B}.Debug|Any CPU.Build.0 = Debug|Any CPU
		{C26CF290-945E-4D53-AEA3-B1F4D247265B}.Release|Any CPU.ActiveCfg = Release|Any CPU
		{C26CF290-945E-4D53-AEA3-B1F4D247265B}.Release|Any CPU.Build.0 = Release|Any CPU
	EndGlobalSection
	GlobalSection(SolutionProperties) = preSolution
		HideSolutionNode = FALSE
	EndGlobalSection
	GlobalSection(ExtensibilityGlobals) = postSolution
		SolutionGuid = {F3BCA101-F43D-4018-BF59-C98106591356}
	EndGlobalSection
EndGlobal
